{
  "name": "Ver.2",
  "lockfileVersion": 3,
  "requires": true,
  "packages": {
    "": {
      "dependencies": {
        "chromadb": "^3.4.3"
      }
    },
    "node_modules/chromadb": {
      "version": "3.4.3",
      "resolved": "https://registry.npmjs.org/chromadb/-/chromadb-3.4.3.tgz",
      "integrity": "sha512-AouHyTh70Ux1w5TKDmk54wGAszY7NtU/DXyC7o3qGuE8b+b1nT/W3+s8UVd9XwqGZIR4A76+g4u7yJuV/WU3OA==",
      "license": "Apache-2.0",
      "dependencies": {
        "semver": "^7.7.1"
      },
      "bin": {
        "chroma": "dist/cli.mjs"
      },
      "engines": {
        "node": ">=20"
      },
      "optionalDependencies": {
        "chromadb-js-bindings-darwin-arm64": "^1.3.3",
        "chromadb-js-bindings-darwin-x64": "^1.3.3",
        "chromadb-js-bindings-linux-arm64-gnu": "^1.3.3",
        "chromadb-js-bindings-linux-x64-gnu": "^1.3.3",
        "chromadb-js-bindings-win32-x64-msvc": "^1.3.3"
      }
    },
    "node_modules/chromadb-js-bindings-darwin-arm64": {
      "version": "1.3.3",
      "resolved": "https://registry.npmjs.org/chromadb-js-bindings-darwin-arm64/-/chromadb-js-bindings-darwin-arm64-1.3.3.tgz",
      "integrity": "sha512-fygMqw+Qsnc7zlh59tYAUfW5g859ZVLnA5cG0tyO7NZG2lQz1QKZCTqG49TVU7vfmeC7LzjIZvEQ0jrTqFKaMQ==",
      "cpu": [
        "arm64"
      ],
      "license": "MIT",
      "optional": true,
      "os": [
        "darwin"
      ],
      "engines": {
        "node": ">= 10"
      }
    },
    "node_modules/chromadb-js-bindings-darwin-x64": {
      "version": "1.3.3",
      "resolved": "https://registry.npmjs.org/chromadb-js-bindings-darwin-x64/-/chromadb-js-bindings-darwin-x64-1.3.3.tgz",
      "integrity": "sha512-OwaNmkEo8gYp5inp88pa0vLUSNYs9nBouvumbt+YI1JYShpDs6cnBKAOfNCFbljjBunqCsv70PPxQqZmkyEzlQ==",
      "cpu": [
        "x64"
      ],
      "license": "MIT",
      "optional": true,
      "os": [
        "darwin"
      ],
      "engines": {
        "node": ">= 10"
      }
    },
    "node_modules/chromadb-js-bindings-linux-arm64-gnu": {
      "version": "1.3.3",
      "resolved": "https://registry.npmjs.org/chromadb-js-bindings-linux-arm64-gnu/-/chromadb-js-bindings-linux-arm64-gnu-1.3.3.tgz",
      "integrity": "sha512-98O7kBw2z9kLCbQqElebrV9SAcKf5QKDI9yD144ooLz+jOgj39ccF6q0R13FB3AwYxVvHhKiIKMjO3hOFCx5iw==",
      "cpu": [
        "arm64"
      ],
      "libc": [
        "glibc"
      ],
      "license": "MIT",
      "optional": true,
      "os": [
        "linux"
      ],
      "engines": {
        "node": ">= 10"
      }
    },
    "node_modules/chromadb-js-bindings-linux-x64-gnu": {
      "version": "1.3.3",
      "resolved": "https://registry.npmjs.org/chromadb-js-bindings-linux-x64-gnu/-/chromadb-js-bindings-linux-x64-gnu-1.3.3.tgz",
      "integrity": "sha512-yqJRHDiLNQFfNcCDm/iILdf5gCBR0BxG1d+esX4ViHAP41h4WqbWq9MIAla+OKHKlyMpSq9BiqSfHBaL8rr5nQ==",
      "cpu": [
        "x64"
      ],
      "libc": [
        "glibc"
      ],
      "license": "MIT",
      "optional": true,
      "os": [
        "linux"
      ],
      "engines": {
        "node": ">= 10"
      }
    },
    "node_modules/chromadb-js-bindings-win32-x64-msvc": {
      "version": "1.3.3",
      "resolved": "https://registry.npmjs.org/chromadb-js-bindings-win32-x64-msvc/-/chromadb-js-bindings-win32-x64-msvc-1.3.3.tgz",
      "integrity": "sha512-X5zuolLBqh3+2GFh9BbjkBPFhPsmezc/HkYAk/rQvYayBqD39e/BT0JwYVbGr+gcqsZI3QO87xZ2FyHL8g8f9Q==",
      "cpu": [
        "x64"
      ],
      "license": "MIT",
      "optional": true,
      "os": [
        "win32"
      ],
      "engines": {
        "node": ">= 10"
      }
    },
    "node_modules/semver": {
      "version": "7.7.4",
      "resolved": "https://registry.npmjs.org/semver/-/semver-7.7.4.tgz",
      "integrity": "sha512-vFKC2IEtQnVhpT78h1Yp8wzwrf8CM+MzKMHGJZfBtzhZNycRFnXsHk6E5TxIkkMsgNS7mdX3AGB7x2QM2di4lA==",
      "license": "ISC",
      "bin": {
        "semver": "bin/semver.js"
      },
      "engines": {
        "node": ">=10"
      }
    }
  }
}
